
Microsoft Visual Studio Solution File, Format Version 12.00
# Visual Studio Version 16
VisualStudioVersion = 16.0.34407.143
MinimumVisualStudioVersion = 10.0.40219.1
Project("{8BC9CEB8-8B4A-11D0-8D11-00A0C91BC942}") = "Sandbox", "Sandbox\Sandbox.vcxproj", "{DACD89F3-4E63-49CC-8FA3-90BACE8A4397}"
EndProject
Project("{8BC9CEB8-8B4A-11D0-8D11-00A0C91BC942}") = "Tulip", "Tulip\Tulip.vcxproj", "{26A74A0D-2782-4A38-89D4-AA29D1BBB1A0}"
EndProject
Global
	GlobalSection(SolutionConfigurationPlatforms) = preSolution
		Debug|x64 = Debug|x64
		Release|x64 = Release|x64
	EndGlobalSection
	GlobalSection(ProjectConfigurationPlatforms) = postSolution
		{26A74A0D-2782-4A38-89D4-AA29D1BBB1A0}.Debug|x64.ActiveCfg = Debug|x64
		{26A74A0D-2782-4A38-89D4-AA29D1BBB1A0}.Debug|x64.Build.0 = Debug|x64
		{26A74A0D-2782-4A38-89D4-AA29D1BBB1A0}.Release|x64.ActiveCfg = Release|x64
		{26A74A0D-2782-4A38-89D4-AA29D1BBB1A0}.Release|x64.Build.0 = Release|x64
		{DACD89F3-4E63-49CC-8FA3-90BACE8A4397}.Debug|x64.ActiveCfg = Debug|x64
		{DACD89F3-4E63-49CC-8FA3-90BACE8A4397}.Debug|x64.Build.0 = Debug|x64
		{DACD89F3-4E63-49CC-8FA3-90BACE8A4397}.Release|x64.ActiveCfg = Release|x64
		{DACD89F3-4E63-49CC-8FA3-90BACE8A4397}.Release|x64.Build.0 = Release|x64
	EndGlobalSection
	GlobalSection(SolutionProperties) = preSolution
		HideSolutionNode = FALSE
	EndGlobalSection
	GlobalSection(ExtensibilityGlobals) = postSolution
		SolutionGuid = {B990D55F-24D2-43F7-B663-33699C1FBF51}
	EndGlobalSection
EndGlobal
